
Microsoft Visual Studio Solution File, Format Version 12.00
# Visual Studio Version 16
VisualStudioVersion = 16.0.30503.244
MinimumVisualStudioVersion = 10.0.40219.1
Project("{FAE04EC0-301F-11D3-BF4B-00C04F79EFBC}") = "InventoryManagement", "InventoryManagement\InventoryManagement.csproj", "{5A46F07D-BDC7-49BB-B799-5D147B42A45B}"
EndProject
Project("{FAE04EC0-301F-11D3-BF4B-00C04F79EFBC}") = "InventoryManagement.Tests", "InventoryManagement.Tests\InventoryManagement.Tests.csproj", "{F9048AD9-FAE2-4B2D-8199-8BE953323681}"
EndProject
Global
	GlobalSection(SolutionConfigurationPlatforms) = preSolution
		Debug|Any CPU = Debug|Any CPU
		Release|Any CPU = Release|Any CPU
	EndGlobalSection
	GlobalSection(ProjectConfigurationPlatforms) = postSolution
		{5A46F07D-BDC7-49BB-B799-5D147B42A45B}.Debug|Any CPU.ActiveCfg = Debug|Any CPU
		{5A46F07D-BDC7-49BB-B799-5D147B42A45B}.Debug|Any CPU.Build.0 = Debug|Any CPU
		{5A46F07D-BDC7-49BB-B799-5D147B42A45B}.Release|Any CPU.ActiveCfg = Release|Any CPU
		{5A46F07D-BDC7-49BB-B799-5D147B42A45B}.Release|Any CPU.Build.0 = Release|Any CPU
		{F9048AD9-FAE2-4B2D-8199-8BE953323681}.Debug|Any CPU.ActiveCfg = Debug|Any CPU
		{F9048AD9-FAE2-4B2D-8199-8BE953323681}.Debug|Any CPU.Build.0 = Debug|Any CPU
		{F9048AD9-FAE2-4B2D-8199-8BE953323681}.Release|Any CPU.ActiveCfg = Release|Any CPU
		{F9048AD9-FAE2-4B2D-8199-8BE953323681}.Release|Any CPU.Build.0 = Release|Any CPU
	EndGlobalSection
	GlobalSection(SolutionProperties) = preSolution
		HideSolutionNode = FALSE
	EndGlobalSection
	GlobalSection(ExtensibilityGlobals) = postSolution
		SolutionGuid = {DEB26089-CFDC-4B3A-ACB2-0F03AADA072D}
	EndGlobalSection
EndGlobal
